
Microsoft Visual Studio Solution File, Format Version 12.00
# Visual Studio Version 17
VisualStudioVersion = 17.2.32616.157
MinimumVisualStudioVersion = 10.0.40219.1
Project("{FAE04EC0-301F-11D3-BF4B-00C04F79EFBC}") = "ApostilaDeCSharp.ParadigmaEstruturado", "ApostilaDeCSharp.ParadigmaEstruturado\ApostilaDeCSharp.ParadigmaEstruturado.csproj", "{E4D52EFD-8F0A-4DCE-8C7F-C46E185F1043}"
EndProject
Project("{FAE04EC0-301F-11D3-BF4B-00C04F79EFBC}") = "ApostilaDeCsharp.EstrutrasDeSelecao", "ApostilaDeCsharp.EstrutrasSelecao\ApostilaDeCsharp.EstrutrasDeSelecao.csproj", "{DD66EC7D-BA28-4222-9196-B30EC3003B06}"
EndProject
Project("{FAE04EC0-301F-11D3-BF4B-00C04F79EFBC}") = "ApostilaDeCharp.OrientacaoObjetos", "ApostilaDeCharp.OrientacaoObjetos\ApostilaDeCharp.OrientacaoObjetos.csproj", "{C173BA90-32DC-4DD6-8219-E59962DFA5BA}"
EndProject
Project("{FAE04EC0-301F-11D3-BF4B-00C04F79EFBC}") = "ApostilaDeCsharp.InterfaceGrafica", "ApostilaDeCsharp.InterfaceGrafica\ApostilaDeCsharp.InterfaceGrafica.csproj", "{31E0C297-6783-4B56-856E-D2C21B2A84FB}"
EndProject
Global
	GlobalSection(SolutionConfigurationPlatforms) = preSolution
		Debug|Any CPU = Debug|Any CPU
		Release|Any CPU = Release|Any CPU
	EndGlobalSection
	GlobalSection(ProjectConfigurationPlatforms) = postSolution
		{E4D52EFD-8F0A-4DCE-8C7F-C46E185F1043}.Debug|Any CPU.ActiveCfg = Debug|Any CPU
		{E4D52EFD-8F0A-4DCE-8C7F-C46E185F1043}.Debug|Any CPU.Build.0 = Debug|Any CPU
		{E4D52EFD-8F0A-4DCE-8C7F-C46E185F1043}.Release|Any CPU.ActiveCfg = Release|Any CPU
		{E4D52EFD-8F0A-4DCE-8C7F-C46E185F1043}.Release|Any CPU.Build.0 = Release|Any CPU
		{DD66EC7D-BA28-4222-9196-B30EC3003B06}.Debug|Any CPU.ActiveCfg = Debug|Any CPU
		{DD66EC7D-BA28-4222-9196-B30EC3003B06}.Debug|Any CPU.Build.0 = Debug|Any CPU
		{DD66EC7D-BA28-4222-9196-B30EC3003B06}.Release|Any CPU.ActiveCfg = Release|Any CPU
		{DD66EC7D-BA28-4222-9196-B30EC3003B06}.Release|Any CPU.Build.0 = Release|Any CPU
		{C173BA90-32DC-4DD6-8219-E59962DFA5BA}.Debug|Any CPU.ActiveCfg = Debug|Any CPU
		{C173BA90-32DC-4DD6-8219-E59962DFA5BA}.Debug|Any CPU.Build.0 = Debug|Any CPU
		{C173BA90-32DC-4DD6-8219-E59962DFA5BA}.Release|Any CPU.ActiveCfg = Release|Any CPU
		{C173BA90-32DC-4DD6-8219-E59962DFA5BA}.Release|Any CPU.Build.0 = Release|Any CPU
		{31E0C297-6783-4B56-856E-D2C21B2A84FB}.Debug|Any CPU.ActiveCfg = Debug|Any CPU
		{31E0C297-6783-4B56-856E-D2C21B2A84FB}.Debug|Any CPU.Build.0 = Debug|Any CPU
		{31E0C297-6783-4B56-856E-D2C21B2A84FB}.Release|Any CPU.ActiveCfg = Release|Any CPU
		{31E0C297-6783-4B56-856E-D2C21B2A84FB}.Release|Any CPU.Build.0 = Release|Any CPU
	EndGlobalSection
	GlobalSection(SolutionProperties) = preSolution
		HideSolutionNode = FALSE
	EndGlobalSection
	GlobalSection(ExtensibilityGlobals) = postSolution
		SolutionGuid = {4B4E1FD1-5874-4344-8727-412E3E968195}
	EndGlobalSection
EndGlobal
